sources:
  - id: obra-superpowers
    url: https://github.com/obra/superpowers.git
    commit: b36e0829c6d0140e93cfef2ca599b1b07d4a7797
    license: MIT
    retrieved_at: 2026-08-31T00:00:00Z
  - id: mattpocock-skills
    url: https://github.com/mattpocock/skills.git
    commit: 6654f6b60cd9d5be8b54c6fafe44346dabeb3b76
    license: MIT
    retrieved_at: 2026-08-31T00:00:00Z
  - id: github-spec-kit
    url: https://github.com/github/spec-kit.git
    commit: 0053c3a328aefbfebae096657c095eb0740a444d
    license: MIT
    retrieved_at: 2026-09-02T09:46:52Z
  - id: fission-openspec
    url: https://github.com/Fission-AI/openspec.git
    commit: d0071d7326689a0269332a500c8f56b3f2218ba9
    license: MIT
    retrieved_at: 2026-09-02T09:46:52Z
  - id: anthropics-claude-plugins-official
    url: https://github.com/anthropics/claude-plugins-official.git
    commit: 0120fb83da5d7cdaa52dd11979690f2dc5f76052
    license: Apache-2.0
    retrieved_at: 2026-09-03T00:00:00Z
    decision: exclude-all
  - id: juliusbrussee-caveman
    url: https://github.com/JuliusBrussee/caveman.git
    commit: 3b74643f4d910f496babd4e634b1ba7168816f14
    license: MIT (skills/; engine-linked Go dirs BSL-1.1, not used)
    retrieved_at: 2026-09-03T00:00:00Z
    decision: exclude-all
  - id: juliusbrussee-cavekit
    url: https://github.com/JuliusBrussee/cavekit.git
    commit: 7421e87d5b517c415c519ddf58a3dd10ba842530
    license: MIT
    retrieved_at: 2026-09-03T00:00:00Z
    decision: exclude-all
